
Microsoft Visual Studio Solution File, Format Version 12.00
# Visual Studio Version 16
VisualStudioVersion = 16.0.31702.278
MinimumVisualStudioVersion = 10.0.40219.1
Project("{FAE04EC0-301F-11D3-BF4B-00C04F79EFBC}") = "1 and 2 Zadaniy in Forms", "1 and 2 Zadaniy in Forms\1 and 2 Zadaniy in Forms.csproj", "{B90E2580-A82A-4623-9069-312F7DAA7B69}"
EndProject
Global
	GlobalSection(SolutionConfigurationPlatforms) = preSolution
		Debug|Any CPU = Debug|Any CPU
		Release|Any CPU = Release|Any CPU
	EndGlobalSection
	GlobalSection(ProjectConfigurationPlatforms) = postSolution
		{B90E2580-A82A-4623-9069-312F7DAA7B69}.Debug|Any CPU.ActiveCfg = Debug|Any CPU
		{B90E2580-A82A-4623-9069-312F7DAA7B69}.Debug|Any CPU.Build.0 = Debug|Any CPU
		{B90E2580-A82A-4623-9069-312F7DAA7B69}.Release|Any CPU.ActiveCfg = Release|Any CPU
		{B90E2580-A82A-4623-9069-312F7DAA7B69}.Release|Any CPU.Build.0 = Release|Any CPU
	EndGlobalSection
	GlobalSection(SolutionProperties) = preSolution
		HideSolutionNode = FALSE
	EndGlobalSection
	GlobalSection(ExtensibilityGlobals) = postSolution
		SolutionGuid = {DBF36786-7515-48F0-93F7-EBA4FA354EB2}
	EndGlobalSection
EndGlobal
